
Microsoft Visual Studio Solution File, Format Version 12.00
# Visual Studio 15
VisualStudioVersion = 15.0.26730.12
MinimumVisualStudioVersion = 10.0.40219.1
Project("{FAE04EC0-301F-11D3-BF4B-00C04F79EFBC}") = "graph test", "graph test\graph test.csproj", "{7E35BA52-CA68-4B71-87F5-16C77C2D0918}"
EndProject
Global
	GlobalSection(SolutionConfigurationPlatforms) = preSolution
		Debug|Any CPU = Debug|Any CPU
		Release|Any CPU = Release|Any CPU
	EndGlobalSection
	GlobalSection(ProjectConfigurationPlatforms) = postSolution
		{7E35BA52-CA68-4B71-87F5-16C77C2D0918}.Debug|Any CPU.ActiveCfg = Debug|Any CPU
		{7E35BA52-CA68-4B71-87F5-16C77C2D0918}.Debug|Any CPU.Build.0 = Debug|Any CPU
		{7E35BA52-CA68-4B71-87F5-16C77C2D0918}.Release|Any CPU.ActiveCfg = Release|Any CPU
		{7E35BA52-CA68-4B71-87F5-16C77C2D0918}.Release|Any CPU.Build.0 = Release|Any CPU
	EndGlobalSection
	GlobalSection(SolutionProperties) = preSolution
		HideSolutionNode = FALSE
	EndGlobalSection
	GlobalSection(ExtensibilityGlobals) = postSolution
		SolutionGuid = {A7352A86-77E0-4A02-B43A-9D9436A5DA5E}
	EndGlobalSection
EndGlobal
